
Microsoft Visual Studio Solution File, Format Version 12.00
# Visual Studio Version 16
VisualStudioVersion = 16.0.30104.148
MinimumVisualStudioVersion = 10.0.40219.1
Project("{FAE04EC0-301F-11D3-BF4B-00C04F79EFBC}") = "Task4", "Task4.csproj", "{BA339BD3-9C7E-48DD-9799-18E572E95A8D}"
EndProject
Global
	GlobalSection(SolutionConfigurationPlatforms) = preSolution
		Debug|Any CPU = Debug|Any CPU
		Release|Any CPU = Release|Any CPU
	EndGlobalSection
	GlobalSection(ProjectConfigurationPlatforms) = postSolution
		{BA339BD3-9C7E-48DD-9799-18E572E95A8D}.Debug|Any CPU.ActiveCfg = Debug|Any CPU
		{BA339BD3-9C7E-48DD-9799-18E572E95A8D}.Debug|Any CPU.Build.0 = Debug|Any CPU
		{BA339BD3-9C7E-48DD-9799-18E572E95A8D}.Release|Any CPU.ActiveCfg = Release|Any CPU
		{BA339BD3-9C7E-48DD-9799-18E572E95A8D}.Release|Any CPU.Build.0 = Release|Any CPU
	EndGlobalSection
	GlobalSection(SolutionProperties) = preSolution
		HideSolutionNode = FALSE
	EndGlobalSection
	GlobalSection(ExtensibilityGlobals) = postSolution
		SolutionGuid = {0CCD0CAA-7576-43DA-961E-33A5F4041E93}
	EndGlobalSection
EndGlobal
